
Microsoft Visual Studio Solution File, Format Version 12.00
# Visual Studio Version 17
VisualStudioVersion = 17.9.34728.123
MinimumVisualStudioVersion = 10.0.40219.1
Project("{2150E333-8FDC-42A3-9474-1A3956D46DE8}") = "Services", "Services", "{F6320A19-2FB4-4C26-9B29-F5FBA2DDAC02}"
EndProject
Project("{2150E333-8FDC-42A3-9474-1A3956D46DE8}") = "Catalog", "Catalog", "{890D7A28-79C2-4376-84E4-C085D5A268FA}"
EndProject
Project("{9A19103F-16F7-4668-BE54-9A1E7A4F7556}") = "MultiShop.Catalog", "Services\Catalog\MultiShop.Catalog\MultiShop.Catalog.csproj", "{38E032A5-0CFE-4970-B9A6-3F3D70DB9B04}"
EndProject
Global
	GlobalSection(SolutionConfigurationPlatforms) = preSolution
		Debug|Any CPU = Debug|Any CPU
		Release|Any CPU = Release|Any CPU
	EndGlobalSection
	GlobalSection(ProjectConfigurationPlatforms) = postSolution
		{38E032A5-0CFE-4970-B9A6-3F3D70DB9B04}.Debug|Any CPU.ActiveCfg = Debug|Any CPU
		{38E032A5-0CFE-4970-B9A6-3F3D70DB9B04}.Debug|Any CPU.Build.0 = Debug|Any CPU
		{38E032A5-0CFE-4970-B9A6-3F3D70DB9B04}.Release|Any CPU.ActiveCfg = Release|Any CPU
		{38E032A5-0CFE-4970-B9A6-3F3D70DB9B04}.Release|Any CPU.Build.0 = Release|Any CPU
	EndGlobalSection
	GlobalSection(SolutionProperties) = preSolution
		HideSolutionNode = FALSE
	EndGlobalSection
	GlobalSection(NestedProjects) = preSolution
		{890D7A28-79C2-4376-84E4-C085D5A268FA} = {F6320A19-2FB4-4C26-9B29-F5FBA2DDAC02}
		{38E032A5-0CFE-4970-B9A6-3F3D70DB9B04} = {890D7A28-79C2-4376-84E4-C085D5A268FA}
	EndGlobalSection
	GlobalSection(ExtensibilityGlobals) = postSolution
		SolutionGuid = {E89DC1BE-3438-480A-AB49-203B51DE7508}
	EndGlobalSection
EndGlobal
