
Microsoft Visual Studio Solution File, Format Version 12.00
# Visual Studio Version 17
VisualStudioVersion = 17.9.34728.123
MinimumVisualStudioVersion = 10.0.40219.1
Project("{2150E333-8FDC-42A3-9474-1A3956D46DE8}") = "Services", "Services", "{F6320A19-2FB4-4C26-9B29-F5FBA2DDAC02}"
EndProject
Project("{2150E333-8FDC-42A3-9474-1A3956D46DE8}") = "Catalog", "Catalog", "{890D7A28-79C2-4376-84E4-C085D5A268FA}"
EndProject
Project("{9A19103F-16F7-4668-BE54-9A1E7A4F7556}") = "MultiShop.Catalog", "Services\Catalog\MultiShop.Catalog\MultiShop.Catalog.csproj", "{38E032A5-0CFE-4970-B9A6-3F3D70DB9B04}"
EndProject
Project("{2150E333-8FDC-42A3-9474-1A3956D46DE8}") = "Discount", "Discount", "{83CB737B-EAE2-4458-83FC-C4B5FDC52A5D}"
EndProject
Project("{9A19103F-16F7-4668-BE54-9A1E7A4F7556}") = "MultiShop.Discount", "Services\Discount\MultiShop.Discount\MultiShop.Discount.csproj", "{0070FB0C-529F-4A68-BA42-BC5D94C299A0}"
EndProject
Project("{2150E333-8FDC-42A3-9474-1A3956D46DE8}") = "Order", "Order", "{F952AA99-47DA-4F62-B0D1-96799168E1AE}"
EndProject
Project("{2150E333-8FDC-42A3-9474-1A3956D46DE8}") = "Core", "Core", "{62E68039-981A-461A-8F83-78F07A0C9D96}"
EndProject
Project("{2150E333-8FDC-42A3-9474-1A3956D46DE8}") = "Infrastructure", "Infrastructure", "{CE9CCD03-2E76-44C0-8F69-719EC2450E98}"
EndProject
Project("{2150E333-8FDC-42A3-9474-1A3956D46DE8}") = "Presentation", "Presentation", "{234AD479-BC7C-4684-8481-58C674E91FCF}"
EndProject
Project("{9A19103F-16F7-4668-BE54-9A1E7A4F7556}") = "MultiShop.Order.Domain", "Services\Order\Core\MultiShop.Order.Domain\MultiShop.Order.Domain.csproj", "{9D7F37C1-6491-4DBB-9A3E-E07FA5F42A93}"
EndProject
Project("{9A19103F-16F7-4668-BE54-9A1E7A4F7556}") = "MultiShop.Order.Application", "Services\Order\Core\MultiShop.Order.Application\MultiShop.Order.Application.csproj", "{E8D11E63-208D-42EE-A117-AE6AC7D90D95}"
EndProject
Project("{9A19103F-16F7-4668-BE54-9A1E7A4F7556}") = "MultiShop.Order.Persistence", "Services\Order\Infrastructure\MultiShop.Order.Persistence\MultiShop.Order.Persistence.csproj", "{84DB8127-DBA6-4F04-A3B7-1FDA37C91CD0}"
EndProject
Project("{9A19103F-16F7-4668-BE54-9A1E7A4F7556}") = "MultiShop.Order.WebApi", "Services\Order\Presentation\MultiShop.Order.WebApi\MultiShop.Order.WebApi.csproj", "{418A0037-7B32-4D4E-B0C3-A3A41365FD55}"
EndProject
Project("{2150E333-8FDC-42A3-9474-1A3956D46DE8}") = "IdentityServer", "IdentityServer", "{7F67EDA8-C1C2-46C5-A4BA-99A623550AA4}"
EndProject
Project("{9A19103F-16F7-4668-BE54-9A1E7A4F7556}") = "MultiShop.IdentityServer", "IdentityServer\MultiShop.IdentityServer\MultiShop.IdentityServer.csproj", "{17B5030C-B18E-4147-9B43-0491C9C3167B}"
EndProject
Project("{2150E333-8FDC-42A3-9474-1A3956D46DE8}") = "Cargo", "Cargo", "{9FD824C4-E9ED-4505-ABB4-09CC0971F072}"
EndProject
Project("{9A19103F-16F7-4668-BE54-9A1E7A4F7556}") = "MultiShop.Cargo.EntityLayer", "Services\Cargo\MultiShop.Cargo.EntityLayer\MultiShop.Cargo.EntityLayer.csproj", "{9316AEE9-5E18-4954-B91B-3C9E8C2EF6A9}"
EndProject
Project("{9A19103F-16F7-4668-BE54-9A1E7A4F7556}") = "MultiShop.Cargo.BusinessLayer", "Services\Cargo\MultiShop.Cargo.BusinessLayer\MultiShop.Cargo.BusinessLayer.csproj", "{F035C587-7D65-4C9D-A013-86D0F0500BD3}"
EndProject
Project("{9A19103F-16F7-4668-BE54-9A1E7A4F7556}") = "MultiShop.Cargo.DataAccessLayer", "Services\Cargo\MultiShop.Cargo.DataAccessLayer\MultiShop.Cargo.DataAccessLayer.csproj", "{121517EB-621E-45D1-9161-BBDF805D1402}"
EndProject
Project("{9A19103F-16F7-4668-BE54-9A1E7A4F7556}") = "MultiShop.Cargo.DtoLayer", "Services\Cargo\MultiShop.Cargo.DtoLayer\MultiShop.Cargo.DtoLayer.csproj", "{22A50748-3B46-4F90-892B-EC646A7A3328}"
EndProject
Project("{9A19103F-16F7-4668-BE54-9A1E7A4F7556}") = "MultiShop.Cargo.WebApi", "Services\Cargo\MultiShop.Cargo.WebApi\MultiShop.Cargo.WebApi.csproj", "{F205C9A4-E1ED-4D7F-B08F-331ABEA75135}"
EndProject
Project("{2150E333-8FDC-42A3-9474-1A3956D46DE8}") = "Basket", "Basket", "{2EF3D2BB-5F80-4DB5-8D93-FE283A151CD3}"
EndProject
Project("{9A19103F-16F7-4668-BE54-9A1E7A4F7556}") = "MultiShop.Basket", "Services\Basket\MultiShop.Basket\MultiShop.Basket.csproj", "{10B5AF72-41F6-4C76-8A46-6105F87D6305}"
EndProject
Project("{2150E333-8FDC-42A3-9474-1A3956D46DE8}") = "Frontends", "Frontends", "{6519637C-6C42-4851-A956-2BE690F7A5D7}"
EndProject
Project("{9A19103F-16F7-4668-BE54-9A1E7A4F7556}") = "MultiShop.WebUI", "Frontends\MultiShop.WebUI\MultiShop.WebUI.csproj", "{96FCD989-4ADD-4827-83A2-8F770680D3ED}"
EndProject
Project("{9A19103F-16F7-4668-BE54-9A1E7A4F7556}") = "MultiShop.DtoLayer", "Frontends\MultiShop.DtoLayer\MultiShop.DtoLayer.csproj", "{3F877E5F-34A3-4A5A-8CD2-8353AB18EEA1}"
EndProject
Project("{2150E333-8FDC-42A3-9474-1A3956D46DE8}") = "Comment", "Comment", "{607D4EF5-B9D4-4FA8-8B6B-BB2A6E546FA6}"
EndProject
Project("{9A19103F-16F7-4668-BE54-9A1E7A4F7556}") = "MultiShop.Comment", "Services\Comment\MultiShop.Comment\MultiShop.Comment.csproj", "{96FFADB5-FBAB-4B1E-8943-8D4B006C1405}"
EndProject
Project("{2150E333-8FDC-42A3-9474-1A3956D46DE8}") = "ApiGateway", "ApiGateway", "{A1A3F58D-1135-4E5A-AEDB-DA85B82EC46C}"
EndProject
Project("{2150E333-8FDC-42A3-9474-1A3956D46DE8}") = "RapidApi", "RapidApi", "{CF12164F-85F8-40DA-906C-2E0D1BF18DA5}"
EndProject
Project("{9A19103F-16F7-4668-BE54-9A1E7A4F7556}") = "MultiShop.OcelotGateway", "ApiGateway\MultiShop.OcelotGateway\MultiShop.OcelotGateway.csproj", "{C1A68E04-B424-4483-BBC7-F91BDE9E539F}"
EndProject
Project("{2150E333-8FDC-42A3-9474-1A3956D46DE8}") = "Payment", "Payment", "{37BD3EF5-2F12-4257-BABD-D78311C2FD58}"
EndProject
Project("{9A19103F-16F7-4668-BE54-9A1E7A4F7556}") = "MultiShop.Payment", "Services\Payment\MultiShop.Payment\MultiShop.Payment.csproj", "{71C47936-870D-4ED7-AB6E-AB848FBBE15F}"
EndProject
Project("{2150E333-8FDC-42A3-9474-1A3956D46DE8}") = "Images", "Images", "{C5A88E3C-2241-4EF8-BD17-AC52A0BE47B0}"
EndProject
Project("{9A19103F-16F7-4668-BE54-9A1E7A4F7556}") = "MultiShop.Images", "Services\Images\MultiShop.Images\MultiShop.Images.csproj", "{C20CE7B5-C569-457D-A016-4147719C59EF}"
EndProject
Project("{9A19103F-16F7-4668-BE54-9A1E7A4F7556}") = "IdentityModel.AspNetCore", "..\..\IdentityModel.AspNetCore-3.0.0\src\IdentityModel.AspNetCore.csproj", "{B4A41A22-2F25-426D-B225-09A997C323A6}"
EndProject
Global
	GlobalSection(SolutionConfigurationPlatforms) = preSolution
		Debug|Any CPU = Debug|Any CPU
		Release|Any CPU = Release|Any CPU
	EndGlobalSection
	GlobalSection(ProjectConfigurationPlatforms) = postSolution
		{38E032A5-0CFE-4970-B9A6-3F3D70DB9B04}.Debug|Any CPU.ActiveCfg = Debug|Any CPU
		{38E032A5-0CFE-4970-B9A6-3F3D70DB9B04}.Debug|Any CPU.Build.0 = Debug|Any CPU
		{38E032A5-0CFE-4970-B9A6-3F3D70DB9B04}.Release|Any CPU.ActiveCfg = Release|Any CPU
		{38E032A5-0CFE-4970-B9A6-3F3D70DB9B04}.Release|Any CPU.Build.0 = Release|Any CPU
		{0070FB0C-529F-4A68-BA42-BC5D94C299A0}.Debug|Any CPU.ActiveCfg = Debug|Any CPU
		{0070FB0C-529F-4A68-BA42-BC5D94C299A0}.Debug|Any CPU.Build.0 = Debug|Any CPU
		{0070FB0C-529F-4A68-BA42-BC5D94C299A0}.Release|Any CPU.ActiveCfg = Release|Any CPU
		{0070FB0C-529F-4A68-BA42-BC5D94C299A0}.Release|Any CPU.Build.0 = Release|Any CPU
		{9D7F37C1-6491-4DBB-9A3E-E07FA5F42A93}.Debug|Any CPU.ActiveCfg = Debug|Any CPU
		{9D7F37C1-6491-4DBB-9A3E-E07FA5F42A93}.Debug|Any CPU.Build.0 = Debug|Any CPU
		{9D7F37C1-6491-4DBB-9A3E-E07FA5F42A93}.Release|Any CPU.ActiveCfg = Release|Any CPU
		{9D7F37C1-6491-4DBB-9A3E-E07FA5F42A93}.Release|Any CPU.Build.0 = Release|Any CPU
		{E8D11E63-208D-42EE-A117-AE6AC7D90D95}.Debug|Any CPU.ActiveCfg = Debug|Any CPU
		{E8D11E63-208D-42EE-A117-AE6AC7D90D95}.Debug|Any CPU.Build.0 = Debug|Any CPU
		{E8D11E63-208D-42EE-A117-AE6AC7D90D95}.Release|Any CPU.ActiveCfg = Release|Any CPU
		{E8D11E63-208D-42EE-A117-AE6AC7D90D95}.Release|Any CPU.Build.0 = Release|Any CPU
		{84DB8127-DBA6-4F04-A3B7-1FDA37C91CD0}.Debug|Any CPU.ActiveCfg = Debug|Any CPU
		{84DB8127-DBA6-4F04-A3B7-1FDA37C91CD0}.Debug|Any CPU.Build.0 = Debug|Any CPU
		{84DB8127-DBA6-4F04-A3B7-1FDA37C91CD0}.Release|Any CPU.ActiveCfg = Release|Any CPU
		{84DB8127-DBA6-4F04-A3B7-1FDA37C91CD0}.Release|Any CPU.Build.0 = Release|Any CPU
		{418A0037-7B32-4D4E-B0C3-A3A41365FD55}.Debug|Any CPU.ActiveCfg = Debug|Any CPU
		{418A0037-7B32-4D4E-B0C3-A3A41365FD55}.Debug|Any CPU.Build.0 = Debug|Any CPU
		{418A0037-7B32-4D4E-B0C3-A3A41365FD55}.Release|Any CPU.ActiveCfg = Release|Any CPU
		{418A0037-7B32-4D4E-B0C3-A3A41365FD55}.Release|Any CPU.Build.0 = Release|Any CPU
		{17B5030C-B18E-4147-9B43-0491C9C3167B}.Debug|Any CPU.ActiveCfg = Debug|Any CPU
		{17B5030C-B18E-4147-9B43-0491C9C3167B}.Debug|Any CPU.Build.0 = Debug|Any CPU
		{17B5030C-B18E-4147-9B43-0491C9C3167B}.Release|Any CPU.ActiveCfg = Release|Any CPU
		{17B5030C-B18E-4147-9B43-0491C9C3167B}.Release|Any CPU.Build.0 = Release|Any CPU
		{9316AEE9-5E18-4954-B91B-3C9E8C2EF6A9}.Debug|Any CPU.ActiveCfg = Debug|Any CPU
		{9316AEE9-5E18-4954-B91B-3C9E8C2EF6A9}.Debug|Any CPU.Build.0 = Debug|Any CPU
		{9316AEE9-5E18-4954-B91B-3C9E8C2EF6A9}.Release|Any CPU.ActiveCfg = Release|Any CPU
		{9316AEE9-5E18-4954-B91B-3C9E8C2EF6A9}.Release|Any CPU.Build.0 = Release|Any CPU
		{F035C587-7D65-4C9D-A013-86D0F0500BD3}.Debug|Any CPU.ActiveCfg = Debug|Any CPU
		{F035C587-7D65-4C9D-A013-86D0F0500BD3}.Debug|Any CPU.Build.0 = Debug|Any CPU
		{F035C587-7D65-4C9D-A013-86D0F0500BD3}.Release|Any CPU.ActiveCfg = Release|Any CPU
		{F035C587-7D65-4C9D-A013-86D0F0500BD3}.Release|Any CPU.Build.0 = Release|Any CPU
		{121517EB-621E-45D1-9161-BBDF805D1402}.Debug|Any CPU.ActiveCfg = Debug|Any CPU
		{121517EB-621E-45D1-9161-BBDF805D1402}.Debug|Any CPU.Build.0 = Debug|Any CPU
		{121517EB-621E-45D1-9161-BBDF805D1402}.Release|Any CPU.ActiveCfg = Release|Any CPU
		{121517EB-621E-45D1-9161-BBDF805D1402}.Release|Any CPU.Build.0 = Release|Any CPU
		{22A50748-3B46-4F90-892B-EC646A7A3328}.Debug|Any CPU.ActiveCfg = Debug|Any CPU
		{22A50748-3B46-4F90-892B-EC646A7A3328}.Debug|Any CPU.Build.0 = Debug|Any CPU
		{22A50748-3B46-4F90-892B-EC646A7A3328}.Release|Any CPU.ActiveCfg = Release|Any CPU
		{22A50748-3B46-4F90-892B-EC646A7A3328}.Release|Any CPU.Build.0 = Release|Any CPU
		{F205C9A4-E1ED-4D7F-B08F-331ABEA75135}.Debug|Any CPU.ActiveCfg = Debug|Any CPU
		{F205C9A4-E1ED-4D7F-B08F-331ABEA75135}.Debug|Any CPU.Build.0 = Debug|Any CPU
		{F205C9A4-E1ED-4D7F-B08F-331ABEA75135}.Release|Any CPU.ActiveCfg = Release|Any CPU
		{F205C9A4-E1ED-4D7F-B08F-331ABEA75135}.Release|Any CPU.Build.0 = Release|Any CPU
		{10B5AF72-41F6-4C76-8A46-6105F87D6305}.Debug|Any CPU.ActiveCfg = Debug|Any CPU
		{10B5AF72-41F6-4C76-8A46-6105F87D6305}.Debug|Any CPU.Build.0 = Debug|Any CPU
		{10B5AF72-41F6-4C76-8A46-6105F87D6305}.Release|Any CPU.ActiveCfg = Release|Any CPU
		{10B5AF72-41F6-4C76-8A46-6105F87D6305}.Release|Any CPU.Build.0 = Release|Any CPU
		{96FCD989-4ADD-4827-83A2-8F770680D3ED}.Debug|Any CPU.ActiveCfg = Debug|Any CPU
		{96FCD989-4ADD-4827-83A2-8F770680D3ED}.Debug|Any CPU.Build.0 = Debug|Any CPU
		{96FCD989-4ADD-4827-83A2-8F770680D3ED}.Release|Any CPU.ActiveCfg = Release|Any CPU
		{96FCD989-4ADD-4827-83A2-8F770680D3ED}.Release|Any CPU.Build.0 = Release|Any CPU
		{3F877E5F-34A3-4A5A-8CD2-8353AB18EEA1}.Debug|Any CPU.ActiveCfg = Debug|Any CPU
		{3F877E5F-34A3-4A5A-8CD2-8353AB18EEA1}.Debug|Any CPU.Build.0 = Debug|Any CPU
		{3F877E5F-34A3-4A5A-8CD2-8353AB18EEA1}.Release|Any CPU.ActiveCfg = Release|Any CPU
		{3F877E5F-34A3-4A5A-8CD2-8353AB18EEA1}.Release|Any CPU.Build.0 = Release|Any CPU
		{96FFADB5-FBAB-4B1E-8943-8D4B006C1405}.Debug|Any CPU.ActiveCfg = Debug|Any CPU
		{96FFADB5-FBAB-4B1E-8943-8D4B006C1405}.Debug|Any CPU.Build.0 = Debug|Any CPU
		{96FFADB5-FBAB-4B1E-8943-8D4B006C1405}.Release|Any CPU.ActiveCfg = Release|Any CPU
		{96FFADB5-FBAB-4B1E-8943-8D4B006C1405}.Release|Any CPU.Build.0 = Release|Any CPU
		{C1A68E04-B424-4483-BBC7-F91BDE9E539F}.Debug|Any CPU.ActiveCfg = Debug|Any CPU
		{C1A68E04-B424-4483-BBC7-F91BDE9E539F}.Debug|Any CPU.Build.0 = Debug|Any CPU
		{C1A68E04-B424-4483-BBC7-F91BDE9E539F}.Release|Any CPU.ActiveCfg = Release|Any CPU
		{C1A68E04-B424-4483-BBC7-F91BDE9E539F}.Release|Any CPU.Build.0 = Release|Any CPU
		{71C47936-870D-4ED7-AB6E-AB848FBBE15F}.Debug|Any CPU.ActiveCfg = Debug|Any CPU
		{71C47936-870D-4ED7-AB6E-AB848FBBE15F}.Debug|Any CPU.Build.0 = Debug|Any CPU
		{71C47936-870D-4ED7-AB6E-AB848FBBE15F}.Release|Any CPU.ActiveCfg = Release|Any CPU
		{71C47936-870D-4ED7-AB6E-AB848FBBE15F}.Release|Any CPU.Build.0 = Release|Any CPU
		{C20CE7B5-C569-457D-A016-4147719C59EF}.Debug|Any CPU.ActiveCfg = Debug|Any CPU
		{C20CE7B5-C569-457D-A016-4147719C59EF}.Debug|Any CPU.Build.0 = Debug|Any CPU
		{C20CE7B5-C569-457D-A016-4147719C59EF}.Release|Any CPU.ActiveCfg = Release|Any CPU
		{C20CE7B5-C569-457D-A016-4147719C59EF}.Release|Any CPU.Build.0 = Release|Any CPU
		{B4A41A22-2F25-426D-B225-09A997C323A6}.Debug|Any CPU.ActiveCfg = Debug|Any CPU
		{B4A41A22-2F25-426D-B225-09A997C323A6}.Debug|Any CPU.Build.0 = Debug|Any CPU
		{B4A41A22-2F25-426D-B225-09A997C323A6}.Release|Any CPU.ActiveCfg = Release|Any CPU
		{B4A41A22-2F25-426D-B225-09A997C323A6}.Release|Any CPU.Build.0 = Release|Any CPU
	EndGlobalSection
	GlobalSection(SolutionProperties) = preSolution
		HideSolutionNode = FALSE
	EndGlobalSection
	GlobalSection(NestedProjects) = preSolution
		{890D7A28-79C2-4376-84E4-C085D5A268FA} = {F6320A19-2FB4-4C26-9B29-F5FBA2DDAC02}
		{38E032A5-0CFE-4970-B9A6-3F3D70DB9B04} = {890D7A28-79C2-4376-84E4-C085D5A268FA}
		{83CB737B-EAE2-4458-83FC-C4B5FDC52A5D} = {F6320A19-2FB4-4C26-9B29-F5FBA2DDAC02}
		{0070FB0C-529F-4A68-BA42-BC5D94C299A0} = {83CB737B-EAE2-4458-83FC-C4B5FDC52A5D}
		{F952AA99-47DA-4F62-B0D1-96799168E1AE} = {F6320A19-2FB4-4C26-9B29-F5FBA2DDAC02}
		{62E68039-981A-461A-8F83-78F07A0C9D96} = {F952AA99-47DA-4F62-B0D1-96799168E1AE}
		{CE9CCD03-2E76-44C0-8F69-719EC2450E98} = {F952AA99-47DA-4F62-B0D1-96799168E1AE}
		{234AD479-BC7C-4684-8481-58C674E91FCF} = {F952AA99-47DA-4F62-B0D1-96799168E1AE}
		{9D7F37C1-6491-4DBB-9A3E-E07FA5F42A93} = {62E68039-981A-461A-8F83-78F07A0C9D96}
		{E8D11E63-208D-42EE-A117-AE6AC7D90D95} = {62E68039-981A-461A-8F83-78F07A0C9D96}
		{84DB8127-DBA6-4F04-A3B7-1FDA37C91CD0} = {CE9CCD03-2E76-44C0-8F69-719EC2450E98}
		{418A0037-7B32-4D4E-B0C3-A3A41365FD55} = {234AD479-BC7C-4684-8481-58C674E91FCF}
		{17B5030C-B18E-4147-9B43-0491C9C3167B} = {7F67EDA8-C1C2-46C5-A4BA-99A623550AA4}
		{9FD824C4-E9ED-4505-ABB4-09CC0971F072} = {F6320A19-2FB4-4C26-9B29-F5FBA2DDAC02}
		{9316AEE9-5E18-4954-B91B-3C9E8C2EF6A9} = {9FD824C4-E9ED-4505-ABB4-09CC0971F072}
		{F035C587-7D65-4C9D-A013-86D0F0500BD3} = {9FD824C4-E9ED-4505-ABB4-09CC0971F072}
		{121517EB-621E-45D1-9161-BBDF805D1402} = {9FD824C4-E9ED-4505-ABB4-09CC0971F072}
		{22A50748-3B46-4F90-892B-EC646A7A3328} = {9FD824C4-E9ED-4505-ABB4-09CC0971F072}
		{F205C9A4-E1ED-4D7F-B08F-331ABEA75135} = {9FD824C4-E9ED-4505-ABB4-09CC0971F072}
		{2EF3D2BB-5F80-4DB5-8D93-FE283A151CD3} = {F6320A19-2FB4-4C26-9B29-F5FBA2DDAC02}
		{10B5AF72-41F6-4C76-8A46-6105F87D6305} = {2EF3D2BB-5F80-4DB5-8D93-FE283A151CD3}
		{96FCD989-4ADD-4827-83A2-8F770680D3ED} = {6519637C-6C42-4851-A956-2BE690F7A5D7}
		{3F877E5F-34A3-4A5A-8CD2-8353AB18EEA1} = {6519637C-6C42-4851-A956-2BE690F7A5D7}
		{607D4EF5-B9D4-4FA8-8B6B-BB2A6E546FA6} = {F6320A19-2FB4-4C26-9B29-F5FBA2DDAC02}
		{96FFADB5-FBAB-4B1E-8943-8D4B006C1405} = {607D4EF5-B9D4-4FA8-8B6B-BB2A6E546FA6}
		{C1A68E04-B424-4483-BBC7-F91BDE9E539F} = {A1A3F58D-1135-4E5A-AEDB-DA85B82EC46C}
		{37BD3EF5-2F12-4257-BABD-D78311C2FD58} = {F6320A19-2FB4-4C26-9B29-F5FBA2DDAC02}
		{71C47936-870D-4ED7-AB6E-AB848FBBE15F} = {37BD3EF5-2F12-4257-BABD-D78311C2FD58}
		{C5A88E3C-2241-4EF8-BD17-AC52A0BE47B0} = {F6320A19-2FB4-4C26-9B29-F5FBA2DDAC02}
		{C20CE7B5-C569-457D-A016-4147719C59EF} = {C5A88E3C-2241-4EF8-BD17-AC52A0BE47B0}
		{B4A41A22-2F25-426D-B225-09A997C323A6} = {6519637C-6C42-4851-A956-2BE690F7A5D7}
	EndGlobalSection
	GlobalSection(ExtensibilityGlobals) = postSolution
		SolutionGuid = {E89DC1BE-3438-480A-AB49-203B51DE7508}
	EndGlobalSection
EndGlobal
